{
  "name": "gratitude-nft",
  "version": "0.0.0",
  "lockfileVersion": 1,
  "requires": true,
  "dependencies": {
    "json-editor": {
      "version": "0.7.28",
      "resolved": "https://registry.npmjs.org/json-editor/-/json-editor-0.7.28.tgz",
      "integrity": "sha1-KqWwmQorUHZ4kVjn3YotIQjOnMU="
    }
  }
}
